// !$*UTF8*$!
{
	archiveVersion = 1;
	classes = {
	};
	objectVersion = 77;
	objects = {

/* Begin PBXGroup section */
		AA8FFEA22F5EBD1C00317C4C = {
			isa = PBXGroup;
			children = (
			);
			sourceTree = "<group>";
		};
/* End PBXGroup section */

/* Begin PBXProject section */
		AA8FFEA32F5EBD1C00317C4C /* Project object */ = {
			isa = PBXProject;
			attributes = {
				BuildIndependentTargetsInParallel = 1;
				LastUpgradeCheck = 2630;
			};
			buildConfigurationList = AA8FFEA62F5EBD1C00317C4C /* Build configuration list for PBXProject "NextcloudMacOSTests" */;
			developmentRegion = en;
			hasScannedForEncodings = 0;
			knownRegions = (
				en,
				Base,
			);
			mainGroup = AA8FFEA22F5EBD1C00317C4C;
			minimizedProjectReferenceProxies = 1;
			preferredProjectObjectVersion = 77;
			projectDirPath = "";
			projectRoot = "";
			targets = (
			);
		};
/* End PBXProject section */

/* Begin XCBuildConfiguration section */
		AA8FFEA72F5EBD1C00317C4C /* Debug */ = {
			isa = XCBuildConfiguration;
			buildSettings = {
			};
			name = Debug;
		};
		AA8FFEA82F5EBD1C00317C4C /* Release */ = {
			isa = XCBuildConfiguration;
			buildSettings = {
			};
			name = Release;
		};
/* End XCBuildConfiguration section */

/* Begin XCConfigurationList section */
		AA8FFEA62F5EBD1C00317C4C /* Build configuration list for PBXProject "NextcloudMacOSTests" */ = {
			isa = XCConfigurationList;
			buildConfigurations = (
				AA8FFEA72F5EBD1C00317C4C /* Debug */,
				AA8FFEA82F5EBD1C00317C4C /* Release */,
			);
			defaultConfigurationIsVisible = 0;
			defaultConfigurationName = Release;
		};
/* End XCConfigurationList section */
	};
	rootObject = AA8FFEA32F5EBD1C00317C4C /* Project object */;
}
